// !$*UTF8*$!
{
	archiveVersion = 1;
	classes = {
	};
	objectVersion = 48;
	objects = {

/* Begin PBXBuildFile section */
		20A174CD1BC9ACD8D500FF3E /* Pods_BirdTests.framework in Frameworks */ = {isa = PBXBuildFile; fileRef = 744CED34D95442E033760225 /* Pods_BirdTests.framework */; };
		98B8E20C0AB97DCD572C965D /* Pods_BirdUITests.framework in Frameworks */ = {isa = PBXBuildFile; fileRef = DEE72A3716C569CC96EEED12 /* Pods_BirdUITests.framework */; };
		C8E0B1A504DE8E221E1EEBC7 /* Pods_Bird.framework in Frameworks */ = {isa = PBXBuildFile; fileRef = EDEEC97BE7CEEC23EEFB7AA2 /* Pods_Bird.framework */; };
		DC038D182076480300E939AB /* Protocols.swift in Sources */ = {isa = PBXBuildFile; fileRef = DC038D172076480300E939AB /* Protocols.swift */; };
		DC038D2A2076B13E00E939AB /* Category.swift in Sources */ = {isa = PBXBuildFile; fileRef = DC038D292076B13E00E939AB /* Category.swift */; };
		DC038D2C2076B14600E939AB /* Activity.swift in Sources */ = {isa = PBXBuildFile; fileRef = DC038D2B2076B14600E939AB /* Activity.swift */; };
		DC038D482077E30800E939AB /* YourDayCollectionViewCell.swift in Sources */ = {isa = PBXBuildFile; fileRef = DC038D472077E30800E939AB /* YourDayCollectionViewCell.swift */; };
		DC1AC0F2206D3E7B0015A7A8 /* AppDelegate.swift in Sources */ = {isa = PBXBuildFile; fileRef = DC1AC0F1206D3E7B0015A7A8 /* AppDelegate.swift */; };
		DC1AC0F9206D3E7B0015A7A8 /* Main.storyboard in Resources */ = {isa = PBXBuildFile; fileRef = DC1AC0F7206D3E7B0015A7A8 /* Main.storyboard */; };
		DC1AC0FB206D3E7B0015A7A8 /* Assets.xcassets in Resources */ = {isa = PBXBuildFile; fileRef = DC1AC0FA206D3E7B0015A7A8 /* Assets.xcassets */; };
		DC1AC0FE206D3E7B0015A7A8 /* LaunchScreen.storyboard in Resources */ = {isa = PBXBuildFile; fileRef = DC1AC0FC206D3E7B0015A7A8 /* LaunchScreen.storyboard */; };
		DC1AC109206D3E7C0015A7A8 /* BirdTests.swift in Sources */ = {isa = PBXBuildFile; fileRef = DC1AC108206D3E7C0015A7A8 /* BirdTests.swift */; };
		DC1AC114206D3E7C0015A7A8 /* BirdUITests.swift in Sources */ = {isa = PBXBuildFile; fileRef = DC1AC113206D3E7C0015A7A8 /* BirdUITests.swift */; };
		DC1AC122206D3F090015A7A8 /* YourDay.storyboard in Resources */ = {isa = PBXBuildFile; fileRef = DC1AC121206D3F090015A7A8 /* YourDay.storyboard */; };
		DC1AC125206D3FEE0015A7A8 /* YourDayCollectionVC.swift in Sources */ = {isa = PBXBuildFile; fileRef = DC1AC124206D3FEE0015A7A8 /* YourDayCollectionVC.swift */; };
		DC1AC127206D40040015A7A8 /* AddBlockVC.swift in Sources */ = {isa = PBXBuildFile; fileRef = DC1AC126206D40040015A7A8 /* AddBlockVC.swift */; };
		DC2D7AA9207A77E100D791D1 /* CalendarCell.swift in Sources */ = {isa = PBXBuildFile; fileRef = DC2D7AA8207A77E100D791D1 /* CalendarCell.swift */; };
		DC2D7AAB207BBF9F00D791D1 /* CalendarHeaderView.swift in Sources */ = {isa = PBXBuildFile; fileRef = DC2D7AAA207BBF9F00D791D1 /* CalendarHeaderView.swift */; };
		DC2D7AAD207FB3CB00D791D1 /* TimeBlockDetailVC.swift in Sources */ = {isa = PBXBuildFile; fileRef = DC2D7AAC207FB3CB00D791D1 /* TimeBlockDetailVC.swift */; };
		DC2D7AAF207FB3EA00D791D1 /* EditTimeBlockVC.swift in Sources */ = {isa = PBXBuildFile; fileRef = DC2D7AAE207FB3EA00D791D1 /* EditTimeBlockVC.swift */; };
		DC48086D20753F230042E1A5 /* TimeBlock.swift in Sources */ = {isa = PBXBuildFile; fileRef = DC48086C20753F230042E1A5 /* TimeBlock.swift */; };
		DC59F3ED206D42E50049722A /* Utilities + Extensions.swift in Sources */ = {isa = PBXBuildFile; fileRef = DC59F3EC206D42E50049722A /* Utilities + Extensions.swift */; };
		DC6E55BB20863932009AC151 /* String+SuggestionValue.swift in Sources */ = {isa = PBXBuildFile; fileRef = DC6E55B420863931009AC151 /* String+SuggestionValue.swift */; };
		DC6E55BC20863932009AC151 /* SuggestionRow.swift in Sources */ = {isa = PBXBuildFile; fileRef = DC6E55B520863931009AC151 /* SuggestionRow.swift */; };
		DC6E55BD20863932009AC151 /* SuggestionCollectionViewCell.swift in Sources */ = {isa = PBXBuildFile; fileRef = DC6E55B620863932009AC151 /* SuggestionCollectionViewCell.swift */; };
		DC6E55BE20863932009AC151 /* SuggestionTableViewCell.swift in Sources */ = {isa = PBXBuildFile; fileRef = DC6E55B720863932009AC151 /* SuggestionTableViewCell.swift */; };
		DC6E55BF20863932009AC151 /* SuggestionCell.swift in Sources */ = {isa = PBXBuildFile; fileRef = DC6E55B820863932009AC151 /* SuggestionCell.swift */; };
		DC6E55C020863932009AC151 /* SuggestionCollectionCell.swift in Sources */ = {isa = PBXBuildFile; fileRef = DC6E55B920863932009AC151 /* SuggestionCollectionCell.swift */; };
		DC6E55C120863932009AC151 /* SuggestionTableCell.swift in Sources */ = {isa = PBXBuildFile; fileRef = DC6E55BA20863932009AC151 /* SuggestionTableCell.swift */; };
		DCB8704120881A7100EECF06 /* Goals.storyboard in Resources */ = {isa = PBXBuildFile; fileRef = DCB8704020881A7100EECF06 /* Goals.storyboard */; };
		DCB8704320881B1400EECF06 /* GoalsCollectionVC.swift in Sources */ = {isa = PBXBuildFile; fileRef = DCB8704220881B1400EECF06 /* GoalsCollectionVC.swift */; };
		DCB8704620881C9800EECF06 /* GoalsCollectionViewCell.swift in Sources */ = {isa = PBXBuildFile; fileRef = DCB8704520881C9800EECF06 /* GoalsCollectionViewCell.swift */; };
		DCB87048208821B900EECF06 /* AddGoalVC.swift in Sources */ = {isa = PBXBuildFile; fileRef = DCB87047208821B900EECF06 /* AddGoalVC.swift */; };
		DCB8704A2088246E00EECF06 /* Goal.swift in Sources */ = {isa = PBXBuildFile; fileRef = DCB870492088246E00EECF06 /* Goal.swift */; };
		DCB98629208B77DF00FDD0EC /* GoalDetailVC.swift in Sources */ = {isa = PBXBuildFile; fileRef = DCB98628208B77DF00FDD0EC /* GoalDetailVC.swift */; };
		DCB9862B208B861100FDD0EC /* EditGoalVC.swift in Sources */ = {isa = PBXBuildFile; fileRef = DCB9862A208B861100FDD0EC /* EditGoalVC.swift */; };
		DCB9862D208B8F6300FDD0EC /* Data.storyboard in Resources */ = {isa = PBXBuildFile; fileRef = DCB9862C208B8F6300FDD0EC /* Data.storyboard */; };
		DCDF26C4208B92B4000263A5 /* DataVC.swift in Sources */ = {isa = PBXBuildFile; fileRef = DCDF26C3208B92B4000263A5 /* DataVC.swift */; };
/* End PBXBuildFile section */

/* Begin PBXContainerItemProxy section */
		DC1AC105206D3E7C0015A7A8 /* PBXContainerItemProxy */ = {
			isa = PBXContainerItemProxy;
			containerPortal = DC1AC0E6206D3E7B0015A7A8 /* Project object */;
			proxyType = 1;
			remoteGlobalIDString = DC1AC0ED206D3E7B0015A7A8;
			remoteInfo = Bird;
		};
		DC1AC110206D3E7C0015A7A8 /* PBXContainerItemProxy */ = {
			isa = PBXContainerItemProxy;
			containerPortal = DC1AC0E6206D3E7B0015A7A8 /* Project object */;
			proxyType = 1;
			remoteGlobalIDString = DC1AC0ED206D3E7B0015A7A8;
			remoteInfo = Bird;
		};
/* End PBXContainerItemProxy section */

/* Begin PBXFileReference section */
		1AF64ED2D1BB4DD95CFBE612 /* Pods-Bird.debug.xcconfig */ = {isa = PBXFileReference; includeInIndex = 1; lastKnownFileType = text.xcconfig; name = "Pods-Bird.debug.xcconfig"; path = "Pods/Target Support Files/Pods-Bird/Pods-Bird.debug.xcconfig"; sourceTree = "<group>"; };
		1FB2C661C87AF5F62B1009B6 /* Pods-BirdUITests.release.xcconfig */ = {isa = PBXFileReference; includeInIndex = 1; lastKnownFileType = text.xcconfig; name = "Pods-BirdUITests.release.xcconfig"; path = "Pods/Target Support Files/Pods-BirdUITests/Pods-BirdUITests.release.xcconfig"; sourceTree = "<group>"; };
		291058E5982E9F5E6D742C55 /* Pods-Bird.release.xcconfig */ = {isa = PBXFileReference; includeInIndex = 1; lastKnownFileType = text.xcconfig; name = "Pods-Bird.release.xcconfig"; path = "Pods/Target Support Files/Pods-Bird/Pods-Bird.release.xcconfig"; sourceTree = "<group>"; };
		744CED34D95442E033760225 /* Pods_BirdTests.framework */ = {isa = PBXFileReference; explicitFileType = wrapper.framework; includeInIndex = 0; path = Pods_BirdTests.framework; sourceTree = BUILT_PRODUCTS_DIR; };
		7A865DCD953F2173353F8689 /* Pods-BirdTests.debug.xcconfig */ = {isa = PBXFileReference; includeInIndex = 1; lastKnownFileType = text.xcconfig; name = "Pods-BirdTests.debug.xcconfig"; path = "Pods/Target Support Files/Pods-BirdTests/Pods-BirdTests.debug.xcconfig"; sourceTree = "<group>"; };
		B054346B50C715AA49DB0D81 /* Pods-BirdUITests.debug.xcconfig */ = {isa = PBXFileReference; includeInIndex = 1; lastKnownFileType = text.xcconfig; name = "Pods-BirdUITests.debug.xcconfig"; path = "Pods/Target Support Files/Pods-BirdUITests/Pods-BirdUITests.debug.xcconfig"; sourceTree = "<group>"; };
		BB6051ECBC9BD7CDA7930483 /* Pods-BirdTests.release.xcconfig */ = {isa = PBXFileReference; includeInIndex = 1; lastKnownFileType = text.xcconfig; name = "Pods-BirdTests.release.xcconfig"; path = "Pods/Target Support Files/Pods-BirdTests/Pods-BirdTests.release.xcconfig"; sourceTree = "<group>"; };
		DC038D172076480300E939AB /* Protocols.swift */ = {isa = PBXFileReference; lastKnownFileType = sourcecode.swift; path = Protocols.swift; sourceTree = "<group>"; };
		DC038D292076B13E00E939AB /* Category.swift */ = {isa = PBXFileReference; lastKnownFileType = sourcecode.swift; path = Category.swift; sourceTree = "<group>"; };
		DC038D2B2076B14600E939AB /* Activity.swift */ = {isa = PBXFileReference; lastKnownFileType = sourcecode.swift; path = Activity.swift; sourceTree = "<group>"; };
		DC038D472077E30800E939AB /* YourDayCollectionViewCell.swift */ = {isa = PBXFileReference; lastKnownFileType = sourcecode.swift; path = YourDayCollectionViewCell.swift; sourceTree = "<group>"; };
		DC1AC0EE206D3E7B0015A7A8 /* Bird.app */ = {isa = PBXFileReference; explicitFileType = wrapper.application; includeInIndex = 0; path = Bird.app; sourceTree = BUILT_PRODUCTS_DIR; };
		DC1AC0F1206D3E7B0015A7A8 /* AppDelegate.swift */ = {isa = PBXFileReference; lastKnownFileType = sourcecode.swift; path = AppDelegate.swift; sourceTree = "<group>"; };
		DC1AC0F8206D3E7B0015A7A8 /* Base */ = {isa = PBXFileReference; lastKnownFileType = file.storyboard; name = Base; path = Base.lproj/Main.storyboard; sourceTree = "<group>"; };
		DC1AC0FA206D3E7B0015A7A8 /* Assets.xcassets */ = {isa = PBXFileReference; lastKnownFileType = folder.assetcatalog; path = Assets.xcassets; sourceTree = "<group>"; };
		DC1AC0FD206D3E7B0015A7A8 /* Base */ = {isa = PBXFileReference; lastKnownFileType = file.storyboard; name = Base; path = Base.lproj/LaunchScreen.storyboard; sourceTree = "<group>"; };
		DC1AC0FF206D3E7B0015A7A8 /* Info.plist */ = {isa = PBXFileReference; lastKnownFileType = text.plist.xml; path = Info.plist; sourceTree = "<group>"; };
		DC1AC104206D3E7C0015A7A8 /* BirdTests.xctest */ = {isa = PBXFileReference; explicitFileType = wrapper.cfbundle; includeInIndex = 0; path = BirdTests.xctest; sourceTree = BUILT_PRODUCTS_DIR; };
		DC1AC108206D3E7C0015A7A8 /* BirdTests.swift */ = {isa = PBXFileReference; lastKnownFileType = sourcecode.swift; path = BirdTests.swift; sourceTree = "<group>"; };
		DC1AC10A206D3E7C0015A7A8 /* Info.plist */ = {isa = PBXFileReference; lastKnownFileType = text.plist.xml; path = Info.plist; sourceTree = "<group>"; };
		DC1AC10F206D3E7C0015A7A8 /* BirdUITests.xctest */ = {isa = PBXFileReference; explicitFileType = wrapper.cfbundle; includeInIndex = 0; path = BirdUITests.xctest; sourceTree = BUILT_PRODUCTS_DIR; };
		DC1AC113206D3E7C0015A7A8 /* BirdUITests.swift */ = {isa = PBXFileReference; lastKnownFileType = sourcecode.swift; path = BirdUITests.swift; sourceTree = "<group>"; };
		DC1AC115206D3E7C0015A7A8 /* Info.plist */ = {isa = PBXFileReference; lastKnownFileType = text.plist.xml; path = Info.plist; sourceTree = "<group>"; };
		DC1AC121206D3F090015A7A8 /* YourDay.storyboard */ = {isa = PBXFileReference; lastKnownFileType = file.storyboard; path = YourDay.storyboard; sourceTree = "<group>"; };
		DC1AC124206D3FEE0015A7A8 /* YourDayCollectionVC.swift */ = {isa = PBXFileReference; lastKnownFileType = sourcecode.swift; path = YourDayCollectionVC.swift; sourceTree = "<group>"; };
		DC1AC126206D40040015A7A8 /* AddBlockVC.swift */ = {isa = PBXFileReference; lastKnownFileType = sourcecode.swift; path = AddBlockVC.swift; sourceTree = "<group>"; };
		DC2D7AA8207A77E100D791D1 /* CalendarCell.swift */ = {isa = PBXFileReference; lastKnownFileType = sourcecode.swift; path = CalendarCell.swift; sourceTree = "<group>"; };
		DC2D7AAA207BBF9F00D791D1 /* CalendarHeaderView.swift */ = {isa = PBXFileReference; lastKnownFileType = sourcecode.swift; path = CalendarHeaderView.swift; sourceTree = "<group>"; };
		DC2D7AAC207FB3CB00D791D1 /* TimeBlockDetailVC.swift */ = {isa = PBXFileReference; lastKnownFileType = sourcecode.swift; path = TimeBlockDetailVC.swift; sourceTree = "<group>"; };
		DC2D7AAE207FB3EA00D791D1 /* EditTimeBlockVC.swift */ = {isa = PBXFileReference; lastKnownFileType = sourcecode.swift; path = EditTimeBlockVC.swift; sourceTree = "<group>"; };
		DC48086C20753F230042E1A5 /* TimeBlock.swift */ = {isa = PBXFileReference; indentWidth = 2; lastKnownFileType = sourcecode.swift; path = TimeBlock.swift; sourceTree = "<group>"; tabWidth = 2; };
		DC59F3EC206D42E50049722A /* Utilities + Extensions.swift */ = {isa = PBXFileReference; lastKnownFileType = sourcecode.swift; path = "Utilities + Extensions.swift"; sourceTree = "<group>"; };
		DC6E55B420863931009AC151 /* String+SuggestionValue.swift */ = {isa = PBXFileReference; fileEncoding = 4; lastKnownFileType = sourcecode.swift; name = "String+SuggestionValue.swift"; path = "../../Desktop/Arjun/Coding + MVPs/SuggestionRow-master/Sources/String+SuggestionValue.swift"; sourceTree = "<group>"; };
		DC6E55B520863931009AC151 /* SuggestionRow.swift */ = {isa = PBXFileReference; fileEncoding = 4; lastKnownFileType = sourcecode.swift; name = SuggestionRow.swift; path = "../../Desktop/Arjun/Coding + MVPs/SuggestionRow-master/Sources/SuggestionRow.swift"; sourceTree = "<group>"; };
		DC6E55B620863932009AC151 /* SuggestionCollectionViewCell.swift */ = {isa = PBXFileReference; fileEncoding = 4; lastKnownFileType = sourcecode.swift; name = SuggestionCollectionViewCell.swift; path = "../../Desktop/Arjun/Coding + MVPs/SuggestionRow-master/Sources/SuggestionCollectionViewCell.swift"; sourceTree = "<group>"; };
		DC6E55B720863932009AC151 /* SuggestionTableViewCell.swift */ = {isa = PBXFileReference; fileEncoding = 4; lastKnownFileType = sourcecode.swift; name = SuggestionTableViewCell.swift; path = "../../Desktop/Arjun/Coding + MVPs/SuggestionRow-master/Sources/SuggestionTableViewCell.swift"; sourceTree = "<group>"; };
		DC6E55B820863932009AC151 /* SuggestionCell.swift */ = {isa = PBXFileReference; fileEncoding = 4; lastKnownFileType = sourcecode.swift; name = SuggestionCell.swift; path = "../../Desktop/Arjun/Coding + MVPs/SuggestionRow-master/Sources/SuggestionCell.swift"; sourceTree = "<group>"; };
		DC6E55B920863932009AC151 /* SuggestionCollectionCell.swift */ = {isa = PBXFileReference; fileEncoding = 4; lastKnownFileType = sourcecode.swift; name = SuggestionCollectionCell.swift; path = "../../Desktop/Arjun/Coding + MVPs/SuggestionRow-master/Sources/SuggestionCollectionCell.swift"; sourceTree = "<group>"; };
		DC6E55BA20863932009AC151 /* SuggestionTableCell.swift */ = {isa = PBXFileReference; fileEncoding = 4; lastKnownFileType = sourcecode.swift; name = SuggestionTableCell.swift; path = "../../Desktop/Arjun/Coding + MVPs/SuggestionRow-master/Sources/SuggestionTableCell.swift"; sourceTree = "<group>"; };
		DCB8704020881A7100EECF06 /* Goals.storyboard */ = {isa = PBXFileReference; lastKnownFileType = file.storyboard; path = Goals.storyboard; sourceTree = "<group>"; };
		DCB8704220881B1400EECF06 /* GoalsCollectionVC.swift */ = {isa = PBXFileReference; lastKnownFileType = sourcecode.swift; path = GoalsCollectionVC.swift; sourceTree = "<group>"; };
		DCB8704520881C9800EECF06 /* GoalsCollectionViewCell.swift */ = {isa = PBXFileReference; lastKnownFileType = sourcecode.swift; path = GoalsCollectionViewCell.swift; sourceTree = "<group>"; };
		DCB87047208821B900EECF06 /* AddGoalVC.swift */ = {isa = PBXFileReference; lastKnownFileType = sourcecode.swift; path = AddGoalVC.swift; sourceTree = "<group>"; };
		DCB870492088246E00EECF06 /* Goal.swift */ = {isa = PBXFileReference; lastKnownFileType = sourcecode.swift; path = Goal.swift; sourceTree = "<group>"; };
		DCB98628208B77DF00FDD0EC /* GoalDetailVC.swift */ = {isa = PBXFileReference; lastKnownFileType = sourcecode.swift; path = GoalDetailVC.swift; sourceTree = "<group>"; };
		DCB9862A208B861100FDD0EC /* EditGoalVC.swift */ = {isa = PBXFileReference; lastKnownFileType = sourcecode.swift; path = EditGoalVC.swift; sourceTree = "<group>"; };
		DCB9862C208B8F6300FDD0EC /* Data.storyboard */ = {isa = PBXFileReference; lastKnownFileType = file.storyboard; path = Data.storyboard; sourceTree = "<group>"; };
		DCDF26C3208B92B4000263A5 /* DataVC.swift */ = {isa = PBXFileReference; lastKnownFileType = sourcecode.swift; path = DataVC.swift; sourceTree = "<group>"; };
		DEE72A3716C569CC96EEED12 /* Pods_BirdUITests.framework */ = {isa = PBXFileReference; explicitFileType = wrapper.framework; includeInIndex = 0; path = Pods_BirdUITests.framework; sourceTree = BUILT_PRODUCTS_DIR; };
		EDEEC97BE7CEEC23EEFB7AA2 /* Pods_Bird.framework */ = {isa = PBXFileReference; explicitFileType = wrapper.framework; includeInIndex = 0; path = Pods_Bird.framework; sourceTree = BUILT_PRODUCTS_DIR; };
/* End PBXFileReference section */

/* Begin PBXFrameworksBuildPhase section */
		DC1AC0EB206D3E7B0015A7A8 /* Frameworks */ = {
			isa = PBXFrameworksBuildPhase;
			buildActionMask = 2147483647;
			files = (
				C8E0B1A504DE8E221E1EEBC7 /* Pods_Bird.framework in Frameworks */,
			);
			runOnlyForDeploymentPostprocessing = 0;
		};
		DC1AC101206D3E7C0015A7A8 /* Frameworks */ = {
			isa = PBXFrameworksBuildPhase;
			buildActionMask = 2147483647;
			files = (
				20A174CD1BC9ACD8D500FF3E /* Pods_BirdTests.framework in Frameworks */,
			);
			runOnlyForDeploymentPostprocessing = 0;
		};
		DC1AC10C206D3E7C0015A7A8 /* Frameworks */ = {
			isa = PBXFrameworksBuildPhase;
			buildActionMask = 2147483647;
			files = (
				98B8E20C0AB97DCD572C965D /* Pods_BirdUITests.framework in Frameworks */,
			);
			runOnlyForDeploymentPostprocessing = 0;
		};
/* End PBXFrameworksBuildPhase section */

/* Begin PBXGroup section */
		251C9EAFB695FB53ADE4713E /* Frameworks */ = {
			isa = PBXGroup;
			children = (
				EDEEC97BE7CEEC23EEFB7AA2 /* Pods_Bird.framework */,
				744CED34D95442E033760225 /* Pods_BirdTests.framework */,
				DEE72A3716C569CC96EEED12 /* Pods_BirdUITests.framework */,
			);
			name = Frameworks;
			sourceTree = "<group>";
		};
		4479968AAF335F98CF0D8485 /* Pods */ = {
			isa = PBXGroup;
			children = (
				1AF64ED2D1BB4DD95CFBE612 /* Pods-Bird.debug.xcconfig */,
				291058E5982E9F5E6D742C55 /* Pods-Bird.release.xcconfig */,
				7A865DCD953F2173353F8689 /* Pods-BirdTests.debug.xcconfig */,
				BB6051ECBC9BD7CDA7930483 /* Pods-BirdTests.release.xcconfig */,
				B054346B50C715AA49DB0D81 /* Pods-BirdUITests.debug.xcconfig */,
				1FB2C661C87AF5F62B1009B6 /* Pods-BirdUITests.release.xcconfig */,
			);
			name = Pods;
			sourceTree = "<group>";
		};
		DC01F50A2079774600B0919E /* SuggestionRow */ = {
			isa = PBXGroup;
			children = (
				DC6E55B420863931009AC151 /* String+SuggestionValue.swift */,
				DC6E55B820863932009AC151 /* SuggestionCell.swift */,
				DC6E55B920863932009AC151 /* SuggestionCollectionCell.swift */,
				DC6E55B620863932009AC151 /* SuggestionCollectionViewCell.swift */,
				DC6E55B520863931009AC151 /* SuggestionRow.swift */,
				DC6E55BA20863932009AC151 /* SuggestionTableCell.swift */,
				DC6E55B720863932009AC151 /* SuggestionTableViewCell.swift */,
			);
			path = SuggestionRow;
			sourceTree = "<group>";
		};
		DC038D192076481000E939AB /* Utilities, Extensions, Protocols */ = {
			isa = PBXGroup;
			children = (
				DC59F3EC206D42E50049722A /* Utilities + Extensions.swift */,
				DC038D172076480300E939AB /* Protocols.swift */,
			);
			path = "Utilities, Extensions, Protocols";
			sourceTree = "<group>";
		};
		DC038D462077E2D300E939AB /* Views */ = {
			isa = PBXGroup;
			children = (
				DC2D7AAA207BBF9F00D791D1 /* CalendarHeaderView.swift */,
				DC038D472077E30800E939AB /* YourDayCollectionViewCell.swift */,
				DC2D7AA8207A77E100D791D1 /* CalendarCell.swift */,
				DCB8704520881C9800EECF06 /* GoalsCollectionViewCell.swift */,
			);
			path = Views;
			sourceTree = "<group>";
		};
		DC1AC0E5206D3E7B0015A7A8 = {
			isa = PBXGroup;
			children = (
				DC1AC0F0206D3E7B0015A7A8 /* Bird */,
				DC1AC107206D3E7C0015A7A8 /* BirdTests */,
				DC1AC112206D3E7C0015A7A8 /* BirdUITests */,
				DC1AC0EF206D3E7B0015A7A8 /* Products */,
				4479968AAF335F98CF0D8485 /* Pods */,
				251C9EAFB695FB53ADE4713E /* Frameworks */,
				DC01F50A2079774600B0919E /* SuggestionRow */,
			);
			sourceTree = "<group>";
		};
		DC1AC0EF206D3E7B0015A7A8 /* Products */ = {
			isa = PBXGroup;
			children = (
				DC1AC0EE206D3E7B0015A7A8 /* Bird.app */,
				DC1AC104206D3E7C0015A7A8 /* BirdTests.xctest */,
				DC1AC10F206D3E7C0015A7A8 /* BirdUITests.xctest */,
			);
			name = Products;
			sourceTree = "<group>";
		};
		DC1AC0F0206D3E7B0015A7A8 /* Bird */ = {
			isa = PBXGroup;
			children = (
				DC1AC0F1206D3E7B0015A7A8 /* AppDelegate.swift */,
				DC038D192076481000E939AB /* Utilities, Extensions, Protocols */,
				DC48086E20753F2E0042E1A5 /* Models */,
				DC038D462077E2D300E939AB /* Views */,
				DC1AC128206D40100015A7A8 /* YourDay VCs */,
				DCB8704420881B1A00EECF06 /* Goals VCs */,
				DCDF26C2208B929C000263A5 /* Data VCs */,
				DC1AC123206D3F1D0015A7A8 /* Storyboards */,
				DC1AC0FA206D3E7B0015A7A8 /* Assets.xcassets */,
				DC1AC0FF206D3E7B0015A7A8 /* Info.plist */,
			);
			path = Bird;
			sourceTree = "<group>";
		};
		DC1AC107206D3E7C0015A7A8 /* BirdTests */ = {
			isa = PBXGroup;
			children = (
				DC1AC108206D3E7C0015A7A8 /* BirdTests.swift */,
				DC1AC10A206D3E7C0015A7A8 /* Info.plist */,
			);
			path = BirdTests;
			sourceTree = "<group>";
		};
		DC1AC112206D3E7C0015A7A8 /* BirdUITests */ = {
			isa = PBXGroup;
			children = (
				DC1AC113206D3E7C0015A7A8 /* BirdUITests.swift */,
				DC1AC115206D3E7C0015A7A8 /* Info.plist */,
			);
			path = BirdUITests;
			sourceTree = "<group>";
		};
		DC1AC123206D3F1D0015A7A8 /* Storyboards */ = {
			isa = PBXGroup;
			children = (
				DC1AC0FC206D3E7B0015A7A8 /* LaunchScreen.storyboard */,
				DC1AC0F7206D3E7B0015A7A8 /* Main.storyboard */,
				DC1AC121206D3F090015A7A8 /* YourDay.storyboard */,
				DCB8704020881A7100EECF06 /* Goals.storyboard */,
				DCB9862C208B8F6300FDD0EC /* Data.storyboard */,
			);
			path = Storyboards;
			sourceTree = "<group>";
		};
		DC1AC128206D40100015A7A8 /* YourDay VCs */ = {
			isa = PBXGroup;
			children = (
				DC1AC124206D3FEE0015A7A8 /* YourDayCollectionVC.swift */,
				DC1AC126206D40040015A7A8 /* AddBlockVC.swift */,
				DC2D7AAC207FB3CB00D791D1 /* TimeBlockDetailVC.swift */,
				DC2D7AAE207FB3EA00D791D1 /* EditTimeBlockVC.swift */,
			);
			path = "YourDay VCs";
			sourceTree = "<group>";
		};
		DC48086E20753F2E0042E1A5 /* Models */ = {
			isa = PBXGroup;
			children = (
				DC48086C20753F230042E1A5 /* TimeBlock.swift */,
				DC038D292076B13E00E939AB /* Category.swift */,
				DC038D2B2076B14600E939AB /* Activity.swift */,
				DCB870492088246E00EECF06 /* Goal.swift */,
			);
			path = Models;
			sourceTree = "<group>";
		};
		DCB8704420881B1A00EECF06 /* Goals VCs */ = {
			isa = PBXGroup;
			children = (
				DCB8704220881B1400EECF06 /* GoalsCollectionVC.swift */,
				DCB87047208821B900EECF06 /* AddGoalVC.swift */,
				DCB98628208B77DF00FDD0EC /* GoalDetailVC.swift */,
				DCB9862A208B861100FDD0EC /* EditGoalVC.swift */,
			);
			path = "Goals VCs";
			sourceTree = "<group>";
		};
		DCDF26C2208B929C000263A5 /* Data VCs */ = {
			isa = PBXGroup;
			children = (
				DCDF26C3208B92B4000263A5 /* DataVC.swift */,
			);
			path = "Data VCs";
			sourceTree = "<group>";
		};
/* End PBXGroup section */

/* Begin PBXNativeTarget section */
		DC1AC0ED206D3E7B0015A7A8 /* Bird */ = {
			isa = PBXNativeTarget;
			buildConfigurationList = DC1AC118206D3E7C0015A7A8 /* Build configuration list for PBXNativeTarget "Bird" */;
			buildPhases = (
				9B7CA1ABB06D525576C7D4BC /* [CP] Check Pods Manifest.lock */,
				DC1AC0EA206D3E7B0015A7A8 /* Sources */,
				DC1AC0EB206D3E7B0015A7A8 /* Frameworks */,
				DC1AC0EC206D3E7B0015A7A8 /* Resources */,
				8B6C4746C1AF513CDA9B85D5 /* [CP] Embed Pods Frameworks */,
			);
			buildRules = (
			);
			dependencies = (
			);
			name = Bird;
			productName = Bird;
			productReference = DC1AC0EE206D3E7B0015A7A8 /* Bird.app */;
			productType = "com.apple.product-type.application";
		};
		DC1AC103206D3E7C0015A7A8 /* BirdTests */ = {
			isa = PBXNativeTarget;
			buildConfigurationList = DC1AC11B206D3E7C0015A7A8 /* Build configuration list for PBXNativeTarget "BirdTests" */;
			buildPhases = (
				910A0C2584EDA422A6967F7F /* [CP] Check Pods Manifest.lock */,
				DC1AC100206D3E7C0015A7A8 /* Sources */,
				DC1AC101206D3E7C0015A7A8 /* Frameworks */,
				DC1AC102206D3E7C0015A7A8 /* Resources */,
			);
			buildRules = (
			);
			dependencies = (
				DC1AC106206D3E7C0015A7A8 /* PBXTargetDependency */,
			);
			name = BirdTests;
			productName = BirdTests;
			productReference = DC1AC104206D3E7C0015A7A8 /* BirdTests.xctest */;
			productType = "com.apple.product-type.bundle.unit-test";
		};
		DC1AC10E206D3E7C0015A7A8 /* BirdUITests */ = {
			isa = PBXNativeTarget;
			buildConfigurationList = DC1AC11E206D3E7C0015A7A8 /* Build configuration list for PBXNativeTarget "BirdUITests" */;
			buildPhases = (
				1D47A6B14193B3D3937FB7B0 /* [CP] Check Pods Manifest.lock */,
				DC1AC10B206D3E7C0015A7A8 /* Sources */,
				DC1AC10C206D3E7C0015A7A8 /* Frameworks */,
				DC1AC10D206D3E7C0015A7A8 /* Resources */,
			);
			buildRules = (
			);
			dependencies = (
				DC1AC111206D3E7C0015A7A8 /* PBXTargetDependency */,
			);
			name = BirdUITests;
			productName = BirdUITests;
			productReference = DC1AC10F206D3E7C0015A7A8 /* BirdUITests.xctest */;
			productType = "com.apple.product-type.bundle.ui-testing";
		};
/* End PBXNativeTarget section */

/* Begin PBXProject section */
		DC1AC0E6206D3E7B0015A7A8 /* Project object */ = {
			isa = PBXProject;
			attributes = {
				LastSwiftUpdateCheck = 0920;
				LastUpgradeCheck = 0920;
				ORGANIZATIONNAME = "Arjun Madgavkar";
				TargetAttributes = {
					DC1AC0ED206D3E7B0015A7A8 = {
						CreatedOnToolsVersion = 9.2;
						ProvisioningStyle = Automatic;
					};
					DC1AC103206D3E7C0015A7A8 = {
						CreatedOnToolsVersion = 9.2;
						ProvisioningStyle = Automatic;
						TestTargetID = DC1AC0ED206D3E7B0015A7A8;
					};
					DC1AC10E206D3E7C0015A7A8 = {
						CreatedOnToolsVersion = 9.2;
						ProvisioningStyle = Automatic;
						TestTargetID = DC1AC0ED206D3E7B0015A7A8;
					};
				};
			};
			buildConfigurationList = DC1AC0E9206D3E7B0015A7A8 /* Build configuration list for PBXProject "Bird" */;
			compatibilityVersion = "Xcode 8.0";
			developmentRegion = en;
			hasScannedForEncodings = 0;
			knownRegions = (
				en,
				Base,
			);
			mainGroup = DC1AC0E5206D3E7B0015A7A8;
			productRefGroup = DC1AC0EF206D3E7B0015A7A8 /* Products */;
			projectDirPath = "";
			projectRoot = "";
			targets = (
				DC1AC0ED206D3E7B0015A7A8 /* Bird */,
				DC1AC103206D3E7C0015A7A8 /* BirdTests */,
				DC1AC10E206D3E7C0015A7A8 /* BirdUITests */,
			);
		};
/* End PBXProject section */

/* Begin PBXResourcesBuildPhase section */
		DC1AC0EC206D3E7B0015A7A8 /* Resources */ = {
			isa = PBXResourcesBuildPhase;
			buildActionMask = 2147483647;
			files = (
				DCB9862D208B8F6300FDD0EC /* Data.storyboard in Resources */,
				DCB8704120881A7100EECF06 /* Goals.storyboard in Resources */,
				DC1AC0FE206D3E7B0015A7A8 /* LaunchScreen.storyboard in Resources */,
				DC1AC0FB206D3E7B0015A7A8 /* Assets.xcassets in Resources */,
				DC1AC122206D3F090015A7A8 /* YourDay.storyboard in Resources */,
				DC1AC0F9206D3E7B0015A7A8 /* Main.storyboard in Resources */,
			);
			runOnlyForDeploymentPostprocessing = 0;
		};
		DC1AC102206D3E7C0015A7A8 /* Resources */ = {
			isa = PBXResourcesBuildPhase;
			buildActionMask = 2147483647;
			files = (
			);
			runOnlyForDeploymentPostprocessing = 0;
		};
		DC1AC10D206D3E7C0015A7A8 /* Resources */ = {
			isa = PBXResourcesBuildPhase;
			buildActionMask = 2147483647;
			files = (
			);
			runOnlyForDeploymentPostprocessing = 0;
		};
/* End PBXResourcesBuildPhase section */

/* Begin PBXShellScriptBuildPhase section */
		1D47A6B14193B3D3937FB7B0 /* [CP] Check Pods Manifest.lock */ = {
			isa = PBXShellScriptBuildPhase;
			buildActionMask = 2147483647;
			files = (
			);
			inputPaths = (
				"${PODS_PODFILE_DIR_PATH}/Podfile.lock",
				"${PODS_ROOT}/Manifest.lock",
			);
			name = "[CP] Check Pods Manifest.lock";
			outputPaths = (
				"$(DERIVED_FILE_DIR)/Pods-BirdUITests-checkManifestLockResult.txt",
			);
			runOnlyForDeploymentPostprocessing = 0;
			shellPath = /bin/sh;
			shellScript = "diff \"${PODS_PODFILE_DIR_PATH}/Podfile.lock\" \"${PODS_ROOT}/Manifest.lock\" > /dev/null\nif [ $? != 0 ] ; then\n    # print error to STDERR\n    echo \"error: The sandbox is not in sync with the Podfile.lock. Run 'pod install' or update your CocoaPods installation.\" >&2\n    exit 1\nfi\n# This output is used by Xcode 'outputs' to avoid re-running this script phase.\necho \"SUCCESS\" > \"${SCRIPT_OUTPUT_FILE_0}\"\n";
			showEnvVarsInLog = 0;
		};
		8B6C4746C1AF513CDA9B85D5 /* [CP] Embed Pods Frameworks */ = {
			isa = PBXShellScriptBuildPhase;
			buildActionMask = 2147483647;
			files = (
			);
			inputPaths = (
				"${SRCROOT}/Pods/Target Support Files/Pods-Bird/Pods-Bird-frameworks.sh",
				"${BUILT_PRODUCTS_DIR}/Charts/Charts.framework",
				"${BUILT_PRODUCTS_DIR}/ColorPickerRow/ColorPickerRow.framework",
				"${BUILT_PRODUCTS_DIR}/Disk/Disk.framework",
				"${BUILT_PRODUCTS_DIR}/Eureka/Eureka.framework",
				"${BUILT_PRODUCTS_DIR}/JTAppleCalendar/JTAppleCalendar.framework",
				"${BUILT_PRODUCTS_DIR}/UIColor_Hex_Swift/UIColor_Hex_Swift.framework",
			);
			name = "[CP] Embed Pods Frameworks";
			outputPaths = (
				"${TARGET_BUILD_DIR}/${FRAMEWORKS_FOLDER_PATH}/Charts.framework",
				"${TARGET_BUILD_DIR}/${FRAMEWORKS_FOLDER_PATH}/ColorPickerRow.framework",
				"${TARGET_BUILD_DIR}/${FRAMEWORKS_FOLDER_PATH}/Disk.framework",
				"${TARGET_BUILD_DIR}/${FRAMEWORKS_FOLDER_PATH}/Eureka.framework",
				"${TARGET_BUILD_DIR}/${FRAMEWORKS_FOLDER_PATH}/JTAppleCalendar.framework",
				"${TARGET_BUILD_DIR}/${FRAMEWORKS_FOLDER_PATH}/UIColor_Hex_Swift.framework",
			);
			runOnlyForDeploymentPostprocessing = 0;
			shellPath = /bin/sh;
			shellScript = "\"${SRCROOT}/Pods/Target Support Files/Pods-Bird/Pods-Bird-frameworks.sh\"\n";
			showEnvVarsInLog = 0;
		};
		910A0C2584EDA422A6967F7F /* [CP] Check Pods Manifest.lock */ = {
			isa = PBXShellScriptBuildPhase;
			buildActionMask = 2147483647;
			files = (
			);
			inputPaths = (
				"${PODS_PODFILE_DIR_PATH}/Podfile.lock",
				"${PODS_ROOT}/Manifest.lock",
			);
			name = "[CP] Check Pods Manifest.lock";
			outputPaths = (
				"$(DERIVED_FILE_DIR)/Pods-BirdTests-checkManifestLockResult.txt",
			);
			runOnlyForDeploymentPostprocessing = 0;
			shellPath = /bin/sh;
			shellScript = "diff \"${PODS_PODFILE_DIR_PATH}/Podfile.lock\" \"${PODS_ROOT}/Manifest.lock\" > /dev/null\nif [ $? != 0 ] ; then\n    # print error to STDERR\n    echo \"error: The sandbox is not in sync with the Podfile.lock. Run 'pod install' or update your CocoaPods installation.\" >&2\n    exit 1\nfi\n# This output is used by Xcode 'outputs' to avoid re-running this script phase.\necho \"SUCCESS\" > \"${SCRIPT_OUTPUT_FILE_0}\"\n";
			showEnvVarsInLog = 0;
		};
		9B7CA1ABB06D525576C7D4BC /* [CP] Check Pods Manifest.lock */ = {
			isa = PBXShellScriptBuildPhase;
			buildActionMask = 2147483647;
			files = (
			);
			inputPaths = (
				"${PODS_PODFILE_DIR_PATH}/Podfile.lock",
				"${PODS_ROOT}/Manifest.lock",
			);
			name = "[CP] Check Pods Manifest.lock";
			outputPaths = (
				"$(DERIVED_FILE_DIR)/Pods-Bird-checkManifestLockResult.txt",
			);
			runOnlyForDeploymentPostprocessing = 0;
			shellPath = /bin/sh;
			shellScript = "diff \"${PODS_PODFILE_DIR_PATH}/Podfile.lock\" \"${PODS_ROOT}/Manifest.lock\" > /dev/null\nif [ $? != 0 ] ; then\n    # print error to STDERR\n    echo \"error: The sandbox is not in sync with the Podfile.lock. Run 'pod install' or update your CocoaPods installation.\" >&2\n    exit 1\nfi\n# This output is used by Xcode 'outputs' to avoid re-running this script phase.\necho \"SUCCESS\" > \"${SCRIPT_OUTPUT_FILE_0}\"\n";
			showEnvVarsInLog = 0;
		};
/* End PBXShellScriptBuildPhase section */

/* Begin PBXSourcesBuildPhase section */
		DC1AC0EA206D3E7B0015A7A8 /* Sources */ = {
			isa = PBXSourcesBuildPhase;
			buildActionMask = 2147483647;
			files = (
				DC038D2C2076B14600E939AB /* Activity.swift in Sources */,
				DC2D7AAF207FB3EA00D791D1 /* EditTimeBlockVC.swift in Sources */,
				DC2D7AA9207A77E100D791D1 /* CalendarCell.swift in Sources */,
				DC6E55BF20863932009AC151 /* SuggestionCell.swift in Sources */,
				DCDF26C4208B92B4000263A5 /* DataVC.swift in Sources */,
				DC6E55C120863932009AC151 /* SuggestionTableCell.swift in Sources */,
				DC48086D20753F230042E1A5 /* TimeBlock.swift in Sources */,
				DC6E55C020863932009AC151 /* SuggestionCollectionCell.swift in Sources */,
				DC1AC127206D40040015A7A8 /* AddBlockVC.swift in Sources */,
				DC1AC125206D3FEE0015A7A8 /* YourDayCollectionVC.swift in Sources */,
				DC2D7AAB207BBF9F00D791D1 /* CalendarHeaderView.swift in Sources */,
				DC6E55BC20863932009AC151 /* SuggestionRow.swift in Sources */,
				DC038D182076480300E939AB /* Protocols.swift in Sources */,
				DCB87048208821B900EECF06 /* AddGoalVC.swift in Sources */,
				DC59F3ED206D42E50049722A /* Utilities + Extensions.swift in Sources */,
				DCB98629208B77DF00FDD0EC /* GoalDetailVC.swift in Sources */,
				DC2D7AAD207FB3CB00D791D1 /* TimeBlockDetailVC.swift in Sources */,
				DC6E55BE20863932009AC151 /* SuggestionTableViewCell.swift in Sources */,
				DCB8704A2088246E00EECF06 /* Goal.swift in Sources */,
				DC6E55BB20863932009AC151 /* String+SuggestionValue.swift in Sources */,
				DC6E55BD20863932009AC151 /* SuggestionCollectionViewCell.swift in Sources */,
				DC1AC0F2206D3E7B0015A7A8 /* AppDelegate.swift in Sources */,
				DCB9862B208B861100FDD0EC /* EditGoalVC.swift in Sources */,
				DC038D2A2076B13E00E939AB /* Category.swift in Sources */,
				DC038D482077E30800E939AB /* YourDayCollectionViewCell.swift in Sources */,
				DCB8704320881B1400EECF06 /* GoalsCollectionVC.swift in Sources */,
				DCB8704620881C9800EECF06 /* GoalsCollectionViewCell.swift in Sources */,
			);
			runOnlyForDeploymentPostprocessing = 0;
		};
		DC1AC100206D3E7C0015A7A8 /* Sources */ = {
			isa = PBXSourcesBuildPhase;
			buildActionMask = 2147483647;
			files = (
				DC1AC109206D3E7C0015A7A8 /* BirdTests.swift in Sources */,
			);
			runOnlyForDeploymentPostprocessing = 0;
		};
		DC1AC10B206D3E7C0015A7A8 /* Sources */ = {
			isa = PBXSourcesBuildPhase;
			buildActionMask = 2147483647;
			files = (
				DC1AC114206D3E7C0015A7A8 /* BirdUITests.swift in Sources */,
			);
			runOnlyForDeploymentPostprocessing = 0;
		};
/* End PBXSourcesBuildPhase section */

/* Begin PBXTargetDependency section */
		DC1AC106206D3E7C0015A7A8 /* PBXTargetDependency */ = {
			isa = PBXTargetDependency;
			target = DC1AC0ED206D3E7B0015A7A8 /* Bird */;
			targetProxy = DC1AC105206D3E7C0015A7A8 /* PBXContainerItemProxy */;
		};
		DC1AC111206D3E7C0015A7A8 /* PBXTargetDependency */ = {
			isa = PBXTargetDependency;
			target = DC1AC0ED206D3E7B0015A7A8 /* Bird */;
			targetProxy = DC1AC110206D3E7C0015A7A8 /* PBXContainerItemProxy */;
		};
/* End PBXTargetDependency section */

/* Begin PBXVariantGroup section */
		DC1AC0F7206D3E7B0015A7A8 /* Main.storyboard */ = {
			isa = PBXVariantGroup;
			children = (
				DC1AC0F8206D3E7B0015A7A8 /* Base */,
			);
			name = Main.storyboard;
			sourceTree = "<group>";
		};
		DC1AC0FC206D3E7B0015A7A8 /* LaunchScreen.storyboard */ = {
			isa = PBXVariantGroup;
			children = (
				DC1AC0FD206D3E7B0015A7A8 /* Base */,
			);
			name = LaunchScreen.storyboard;
			sourceTree = "<group>";
		};
/* End PBXVariantGroup section */

/* Begin XCBuildConfiguration section */
		DC1AC116206D3E7C0015A7A8 /* Debug */ = {
			isa = XCBuildConfiguration;
			buildSettings = {
				ALWAYS_SEARCH_USER_PATHS = NO;
				CLANG_ANALYZER_NONNULL = YES;
				CLANG_ANALYZER_NUMBER_OBJECT_CONVERSION = YES_AGGRESSIVE;
				CLANG_CXX_LANGUAGE_STANDARD = "gnu++14";
				CLANG_CXX_LIBRARY = "libc++";
				CLANG_ENABLE_MODULES = YES;
				CLANG_ENABLE_OBJC_ARC = YES;
				CLANG_WARN_BLOCK_CAPTURE_AUTORELEASING = YES;
				CLANG_WARN_BOOL_CONVERSION = YES;
				CLANG_WARN_COMMA = YES;
				CLANG_WARN_CONSTANT_CONVERSION = YES;
				CLANG_WARN_DIRECT_OBJC_ISA_USAGE = YES_ERROR;
				CLANG_WARN_DOCUMENTATION_COMMENTS = YES;
				CLANG_WARN_EMPTY_BODY = YES;
				CLANG_WARN_ENUM_CONVERSION = YES;
				CLANG_WARN_INFINITE_RECURSION = YES;
				CLANG_WARN_INT_CONVERSION = YES;
				CLANG_WARN_NON_LITERAL_NULL_CONVERSION = YES;
				CLANG_WARN_OBJC_LITERAL_CONVERSION = YES;
				CLANG_WARN_OBJC_ROOT_CLASS = YES_ERROR;
				CLANG_WARN_RANGE_LOOP_ANALYSIS = YES;
				CLANG_WARN_STRICT_PROTOTYPES = YES;
				CLANG_WARN_SUSPICIOUS_MOVE = YES;
				CLANG_WARN_UNGUARDED_AVAILABILITY = YES_AGGRESSIVE;
				CLANG_WARN_UNREACHABLE_CODE = YES;
				CLANG_WARN__DUPLICATE_METHOD_MATCH = YES;
				CODE_SIGN_IDENTITY = "iPhone Developer";
				COPY_PHASE_STRIP = NO;
				DEBUG_INFORMATION_FORMAT = dwarf;
				ENABLE_STRICT_OBJC_MSGSEND = YES;
				ENABLE_TESTABILITY = YES;
				GCC_C_LANGUAGE_STANDARD = gnu11;
				GCC_DYNAMIC_NO_PIC = NO;
				GCC_NO_COMMON_BLOCKS = YES;
				GCC_OPTIMIZATION_LEVEL = 0;
				GCC_PREPROCESSOR_DEFINITIONS = (
					"DEBUG=1",
					"$(inherited)",
				);
				GCC_WARN_64_TO_32_BIT_CONVERSION = YES;
				GCC_WARN_ABOUT_RETURN_TYPE = YES_ERROR;
				GCC_WARN_UNDECLARED_SELECTOR = YES;
				GCC_WARN_UNINITIALIZED_AUTOS = YES_AGGRESSIVE;
				GCC_WARN_UNUSED_FUNCTION = YES;
				GCC_WARN_UNUSED_VARIABLE = YES;
				IPHONEOS_DEPLOYMENT_TARGET = 11.2;
				MTL_ENABLE_DEBUG_INFO = YES;
				ONLY_ACTIVE_ARCH = YES;
				SDKROOT = iphoneos;
				SWIFT_ACTIVE_COMPILATION_CONDITIONS = DEBUG;
				SWIFT_OPTIMIZATION_LEVEL = "-Onone";
			};
			name = Debug;
		};
		DC1AC117206D3E7C0015A7A8 /* Release */ = {
			isa = XCBuildConfiguration;
			buildSettings = {
				ALWAYS_SEARCH_USER_PATHS = NO;
				CLANG_ANALYZER_NONNULL = YES;
				CLANG_ANALYZER_NUMBER_OBJECT_CONVERSION = YES_AGGRESSIVE;
				CLANG_CXX_LANGUAGE_STANDARD = "gnu++14";
				CLANG_CXX_LIBRARY = "libc++";
				CLANG_ENABLE_MODULES = YES;
				CLANG_ENABLE_OBJC_ARC = YES;
				CLANG_WARN_BLOCK_CAPTURE_AUTORELEASING = YES;
				CLANG_WARN_BOOL_CONVERSION = YES;
				CLANG_WARN_COMMA = YES;
				CLANG_WARN_CONSTANT_CONVERSION = YES;
				CLANG_WARN_DIRECT_OBJC_ISA_USAGE = YES_ERROR;
				CLANG_WARN_DOCUMENTATION_COMMENTS = YES;
				CLANG_WARN_EMPTY_BODY = YES;
				CLANG_WARN_ENUM_CONVERSION = YES;
				CLANG_WARN_INFINITE_RECURSION = YES;
				CLANG_WARN_INT_CONVERSION = YES;
				CLANG_WARN_NON_LITERAL_NULL_CONVERSION = YES;
				CLANG_WARN_OBJC_LITERAL_CONVERSION = YES;
				CLANG_WARN_OBJC_ROOT_CLASS = YES_ERROR;
				CLANG_WARN_RANGE_LOOP_ANALYSIS = YES;
				CLANG_WARN_STRICT_PROTOTYPES = YES;
				CLANG_WARN_SUSPICIOUS_MOVE = YES;
				CLANG_WARN_UNGUARDED_AVAILABILITY = YES_AGGRESSIVE;
				CLANG_WARN_UNREACHABLE_CODE = YES;
				CLANG_WARN__DUPLICATE_METHOD_MATCH = YES;
				CODE_SIGN_IDENTITY = "iPhone Developer";
				COPY_PHASE_STRIP = NO;
				DEBUG_INFORMATION_FORMAT = "dwarf-with-dsym";
				ENABLE_NS_ASSERTIONS = NO;
				ENABLE_STRICT_OBJC_MSGSEND = YES;
				GCC_C_LANGUAGE_STANDARD = gnu11;
				GCC_NO_COMMON_BLOCKS = YES;
				GCC_WARN_64_TO_32_BIT_CONVERSION = YES;
				GCC_WARN_ABOUT_RETURN_TYPE = YES_ERROR;
				GCC_WARN_UNDECLARED_SELECTOR = YES;
				GCC_WARN_UNINITIALIZED_AUTOS = YES_AGGRESSIVE;
				GCC_WARN_UNUSED_FUNCTION = YES;
				GCC_WARN_UNUSED_VARIABLE = YES;
				IPHONEOS_DEPLOYMENT_TARGET = 11.2;
				MTL_ENABLE_DEBUG_INFO = NO;
				SDKROOT = iphoneos;
				SWIFT_OPTIMIZATION_LEVEL = "-Owholemodule";
				VALIDATE_PRODUCT = YES;
			};
			name = Release;
		};
		DC1AC119206D3E7C0015A7A8 /* Debug */ = {
			isa = XCBuildConfiguration;
			baseConfigurationReference = 1AF64ED2D1BB4DD95CFBE612 /* Pods-Bird.debug.xcconfig */;
			buildSettings = {
				ASSETCATALOG_COMPILER_APPICON_NAME = AppIcon;
				CODE_SIGN_STYLE = Automatic;
				DEVELOPMENT_TEAM = 8ZF9TRQNRJ;
				INFOPLIST_FILE = Bird/Info.plist;
				LD_RUNPATH_SEARCH_PATHS = "$(inherited) @executable_path/Frameworks";
				PRODUCT_BUNDLE_IDENTIFIER = co.nyclabs.Bird;
				PRODUCT_NAME = "$(TARGET_NAME)";
				SWIFT_VERSION = 4.0;
				TARGETED_DEVICE_FAMILY = "1,2";
			};
			name = Debug;
		};
		DC1AC11A206D3E7C0015A7A8 /* Release */ = {
			isa = XCBuildConfiguration;
			baseConfigurationReference = 291058E5982E9F5E6D742C55 /* Pods-Bird.release.xcconfig */;
			buildSettings = {
				ASSETCATALOG_COMPILER_APPICON_NAME = AppIcon;
				CODE_SIGN_STYLE = Automatic;
				DEVELOPMENT_TEAM = 8ZF9TRQNRJ;
				INFOPLIST_FILE = Bird/Info.plist;
				LD_RUNPATH_SEARCH_PATHS = "$(inherited) @executable_path/Frameworks";
				PRODUCT_BUNDLE_IDENTIFIER = co.nyclabs.Bird;
				PRODUCT_NAME = "$(TARGET_NAME)";
				SWIFT_VERSION = 4.0;
				TARGETED_DEVICE_FAMILY = "1,2";
			};
			name = Release;
		};
		DC1AC11C206D3E7C0015A7A8 /* Debug */ = {
			isa = XCBuildConfiguration;
			baseConfigurationReference = 7A865DCD953F2173353F8689 /* Pods-BirdTests.debug.xcconfig */;
			buildSettings = {
				ALWAYS_EMBED_SWIFT_STANDARD_LIBRARIES = YES;
				BUNDLE_LOADER = "$(TEST_HOST)";
				CODE_SIGN_STYLE = Automatic;
				DEVELOPMENT_TEAM = 8ZF9TRQNRJ;
				INFOPLIST_FILE = BirdTests/Info.plist;
				LD_RUNPATH_SEARCH_PATHS = "$(inherited) @executable_path/Frameworks @loader_path/Frameworks";
				PRODUCT_BUNDLE_IDENTIFIER = co.nyclabs.BirdTests;
				PRODUCT_NAME = "$(TARGET_NAME)";
				SWIFT_VERSION = 4.0;
				TARGETED_DEVICE_FAMILY = "1,2";
				TEST_HOST = "$(BUILT_PRODUCTS_DIR)/Bird.app/Bird";
			};
			name = Debug;
		};
		DC1AC11D206D3E7C0015A7A8 /* Release */ = {
			isa = XCBuildConfiguration;
			baseConfigurationReference = BB6051ECBC9BD7CDA7930483 /* Pods-BirdTests.release.xcconfig */;
			buildSettings = {
				ALWAYS_EMBED_SWIFT_STANDARD_LIBRARIES = YES;
				BUNDLE_LOADER = "$(TEST_HOST)";
				CODE_SIGN_STYLE = Automatic;
				DEVELOPMENT_TEAM = 8ZF9TRQNRJ;
				INFOPLIST_FILE = BirdTests/Info.plist;
				LD_RUNPATH_SEARCH_PATHS = "$(inherited) @executable_path/Frameworks @loader_path/Frameworks";
				PRODUCT_BUNDLE_IDENTIFIER = co.nyclabs.BirdTests;
				PRODUCT_NAME = "$(TARGET_NAME)";
				SWIFT_VERSION = 4.0;
				TARGETED_DEVICE_FAMILY = "1,2";
				TEST_HOST = "$(BUILT_PRODUCTS_DIR)/Bird.app/Bird";
			};
			name = Release;
		};
		DC1AC11F206D3E7C0015A7A8 /* Debug */ = {
			isa = XCBuildConfiguration;
			baseConfigurationReference = B054346B50C715AA49DB0D81 /* Pods-BirdUITests.debug.xcconfig */;
			buildSettings = {
				ALWAYS_EMBED_SWIFT_STANDARD_LIBRARIES = YES;
				CODE_SIGN_STYLE = Automatic;
				DEVELOPMENT_TEAM = 8ZF9TRQNRJ;
				INFOPLIST_FILE = BirdUITests/Info.plist;
				LD_RUNPATH_SEARCH_PATHS = "$(inherited) @executable_path/Frameworks @loader_path/Frameworks";
				PRODUCT_BUNDLE_IDENTIFIER = co.nyclabs.BirdUITests;
				PRODUCT_NAME = "$(TARGET_NAME)";
				SWIFT_VERSION = 4.0;
				TARGETED_DEVICE_FAMILY = "1,2";
				TEST_TARGET_NAME = Bird;
			};
			name = Debug;
		};
		DC1AC120206D3E7C0015A7A8 /* Release */ = {
			isa = XCBuildConfiguration;
			baseConfigurationReference = 1FB2C661C87AF5F62B1009B6 /* Pods-BirdUITests.release.xcconfig */;
			buildSettings = {
				ALWAYS_EMBED_SWIFT_STANDARD_LIBRARIES = YES;
				CODE_SIGN_STYLE = Automatic;
				DEVELOPMENT_TEAM = 8ZF9TRQNRJ;
				INFOPLIST_FILE = BirdUITests/Info.plist;
				LD_RUNPATH_SEARCH_PATHS = "$(inherited) @executable_path/Frameworks @loader_path/Frameworks";
				PRODUCT_BUNDLE_IDENTIFIER = co.nyclabs.BirdUITests;
				PRODUCT_NAME = "$(TARGET_NAME)";
				SWIFT_VERSION = 4.0;
				TARGETED_DEVICE_FAMILY = "1,2";
				TEST_TARGET_NAME = Bird;
			};
			name = Release;
		};
/* End XCBuildConfiguration section */

/* Begin XCConfigurationList section */
		DC1AC0E9206D3E7B0015A7A8 /* Build configuration list for PBXProject "Bird" */ = {
			isa = XCConfigurationList;
			buildConfigurations = (
				DC1AC116206D3E7C0015A7A8 /* Debug */,
				DC1AC117206D3E7C0015A7A8 /* Release */,
			);
			defaultConfigurationIsVisible = 0;
			defaultConfigurationName = Release;
		};
		DC1AC118206D3E7C0015A7A8 /* Build configuration list for PBXNativeTarget "Bird" */ = {
			isa = XCConfigurationList;
			buildConfigurations = (
				DC1AC119206D3E7C0015A7A8 /* Debug */,
				DC1AC11A206D3E7C0015A7A8 /* Release */,
			);
			defaultConfigurationIsVisible = 0;
			defaultConfigurationName = Release;
		};
		DC1AC11B206D3E7C0015A7A8 /* Build configuration list for PBXNativeTarget "BirdTests" */ = {
			isa = XCConfigurationList;
			buildConfigurations = (
				DC1AC11C206D3E7C0015A7A8 /* Debug */,
				DC1AC11D206D3E7C0015A7A8 /* Release */,
			);
			defaultConfigurationIsVisible = 0;
			defaultConfigurationName = Release;
		};
		DC1AC11E206D3E7C0015A7A8 /* Build configuration list for PBXNativeTarget "BirdUITests" */ = {
			isa = XCConfigurationList;
			buildConfigurations = (
				DC1AC11F206D3E7C0015A7A8 /* Debug */,
				DC1AC120206D3E7C0015A7A8 /* Release */,
			);
			defaultConfigurationIsVisible = 0;
			defaultConfigurationName = Release;
		};
/* End XCConfigurationList section */
	};
	rootObject = DC1AC0E6206D3E7B0015A7A8 /* Project object */;
}
